
Microsoft Visual Studio Solution File, Format Version 12.00
# Visual Studio Version 16
VisualStudioVersion = 16.0.29806.167
MinimumVisualStudioVersion = 10.0.40219.1
Project("{9A19103F-16F7-4668-BE54-9A1E7A4F7556}") = "OnlineShoppingCart", "OnlineShoppingCart\OnlineShoppingCart.csproj", "{E2A62559-6953-402C-9575-0012D91BD460}"
EndProject
Project("{9A19103F-16F7-4668-BE54-9A1E7A4F7556}") = "OnlineShoppingCart.BusinessLayer", "OnlineShoppingCart.BusinessLayer\OnlineShoppingCart.BusinessLayer.csproj", "{AC090D65-8C2D-4DD9-8832-9F40B40C40BC}"
EndProject
Project("{9A19103F-16F7-4668-BE54-9A1E7A4F7556}") = "OnlineShoppingCart.DataAccessLayer", "OnlineShoppingCart.DataAccessLayer\OnlineShoppingCart.DataAccessLayer.csproj", "{D70855F8-6C32-464B-9E92-58D4A31A4919}"
EndProject
Project("{9A19103F-16F7-4668-BE54-9A1E7A4F7556}") = "XUnitTestOnlineShoppingCart", "XUnitTestOnlineShoppingCart\XUnitTestOnlineShoppingCart.csproj", "{AA97F3A8-CB4A-4631-809C-FC4D69CB7959}"
EndProject
Project("{2150E333-8FDC-42A3-9474-1A3956D46DE8}") = "Solution Items", "Solution Items", "{A1D4791D-6684-42A6-9147-937C4B394072}"
	ProjectSection(SolutionItems) = preProject
		.editorconfig = .editorconfig
	EndProjectSection
EndProject
Global
	GlobalSection(SolutionConfigurationPlatforms) = preSolution
		Debug|Any CPU = Debug|Any CPU
		Release|Any CPU = Release|Any CPU
	EndGlobalSection
	GlobalSection(ProjectConfigurationPlatforms) = postSolution
		{E2A62559-6953-402C-9575-0012D91BD460}.Debug|Any CPU.ActiveCfg = Debug|Any CPU
		{E2A62559-6953-402C-9575-0012D91BD460}.Debug|Any CPU.Build.0 = Debug|Any CPU
		{E2A62559-6953-402C-9575-0012D91BD460}.Release|Any CPU.ActiveCfg = Release|Any CPU
		{E2A62559-6953-402C-9575-0012D91BD460}.Release|Any CPU.Build.0 = Release|Any CPU
		{AC090D65-8C2D-4DD9-8832-9F40B40C40BC}.Debug|Any CPU.ActiveCfg = Debug|Any CPU
		{AC090D65-8C2D-4DD9-8832-9F40B40C40BC}.Debug|Any CPU.Build.0 = Debug|Any CPU
		{AC090D65-8C2D-4DD9-8832-9F40B40C40BC}.Release|Any CPU.ActiveCfg = Release|Any CPU
		{AC090D65-8C2D-4DD9-8832-9F40B40C40BC}.Release|Any CPU.Build.0 = Release|Any CPU
		{D70855F8-6C32-464B-9E92-58D4A31A4919}.Debug|Any CPU.ActiveCfg = Debug|Any CPU
		{D70855F8-6C32-464B-9E92-58D4A31A4919}.Debug|Any CPU.Build.0 = Debug|Any CPU
		{D70855F8-6C32-464B-9E92-58D4A31A4919}.Release|Any CPU.ActiveCfg = Release|Any CPU
		{D70855F8-6C32-464B-9E92-58D4A31A4919}.Release|Any CPU.Build.0 = Release|Any CPU
		{AA97F3A8-CB4A-4631-809C-FC4D69CB7959}.Debug|Any CPU.ActiveCfg = Debug|Any CPU
		{AA97F3A8-CB4A-4631-809C-FC4D69CB7959}.Debug|Any CPU.Build.0 = Debug|Any CPU
		{AA97F3A8-CB4A-4631-809C-FC4D69CB7959}.Release|Any CPU.ActiveCfg = Release|Any CPU
		{AA97F3A8-CB4A-4631-809C-FC4D69CB7959}.Release|Any CPU.Build.0 = Release|Any CPU
	EndGlobalSection
	GlobalSection(SolutionProperties) = preSolution
		HideSolutionNode = FALSE
	EndGlobalSection
	GlobalSection(ExtensibilityGlobals) = postSolution
		SolutionGuid = {7D00BEA2-83C6-4F16-96E6-517663F8DD60}
	EndGlobalSection
EndGlobal
